# This file is automatically @generated by Cargo.
# It is not intended for manual editing.
version = 3

[[package]]
name = "gccjit"
version = "2.3.0"
source = "registry+https://github.com/rust-lang/crates.io-index"
checksum = "8b8611473168aebc9b307d7f4e7466fda20ab8d72acaca2c0d840dbe8fef451a"
dependencies = [
 "gccjit_sys",
]

[[package]]
name = "gccjit_sys"
version = "0.4.0"
source = "registry+https://github.com/rust-lang/crates.io-index"
checksum = "f383b875dac2f3bb06e7d395be2fe6fbaad935658fb54f2399e5eb4fb88117ce"
dependencies = [
 "libc",
]

[[package]]
name = "libc"
version = "0.2.161"
source = "registry+https://github.com/rust-lang/crates.io-index"
checksum = "8e9489c2807c139ffd9c1794f4af0ebe86a828db53ecdc7fea2111d0fed085d1"

[[package]]
name = "wasm2libgcc"
version = "0.1.0"
dependencies = [
 "gccjit",
]
